// !$*UTF8*$!
{
	archiveVersion = 1;
	classes = {
	};
	objectVersion = 56;
	objects = {

/* Begin PBXBuildFile section */
		076862742A6F4B0B00041D6B /* DataFlowApp.swift in Sources */ = {isa = PBXBuildFile; fileRef = 076862732A6F4B0B00041D6B /* DataFlowApp.swift */; };
		076862762A6F4B0B00041D6B /* ContentView.swift in Sources */ = {isa = PBXBuildFile; fileRef = 076862752A6F4B0B00041D6B /* ContentView.swift */; };
		076862782A6F4B0B00041D6B /* Assets.xcassets in Resources */ = {isa = PBXBuildFile; fileRef = 076862772A6F4B0B00041D6B /* Assets.xcassets */; };
		0768627B2A6F4B0B00041D6B /* Preview Assets.xcassets in Resources */ = {isa = PBXBuildFile; fileRef = 0768627A2A6F4B0B00041D6B /* Preview Assets.xcassets */; };
		076862822A6F508000041D6B /* TimeCounter.swift in Sources */ = {isa = PBXBuildFile; fileRef = 076862812A6F508000041D6B /* TimeCounter.swift */; };
		076862862A6F597700041D6B /* LoginView.swift in Sources */ = {isa = PBXBuildFile; fileRef = 076862852A6F597700041D6B /* LoginView.swift */; };
		076862882A6F5A2300041D6B /* UserSettings.swift in Sources */ = {isa = PBXBuildFile; fileRef = 076862872A6F5A2300041D6B /* UserSettings.swift */; };
		0768628A2A6F5A9C00041D6B /* RootView.swift in Sources */ = {isa = PBXBuildFile; fileRef = 076862892A6F5A9C00041D6B /* RootView.swift */; };
		0768628C2A6F650700041D6B /* ButtonView.swift in Sources */ = {isa = PBXBuildFile; fileRef = 0768628B2A6F650700041D6B /* ButtonView.swift */; };
		076862962A701EC600041D6B /* StorageManager.swift in Sources */ = {isa = PBXBuildFile; fileRef = 076862952A701EC600041D6B /* StorageManager.swift */; };
		079631C62A717501003E101E /* User.swift in Sources */ = {isa = PBXBuildFile; fileRef = 079631C52A717501003E101E /* User.swift */; };
/* End PBXBuildFile section */

/* Begin PBXFileReference section */
		076862702A6F4B0B00041D6B /* DataFlow.app */ = {isa = PBXFileReference; explicitFileType = wrapper.application; includeInIndex = 0; path = DataFlow.app; sourceTree = BUILT_PRODUCTS_DIR; };
		076862732A6F4B0B00041D6B /* DataFlowApp.swift */ = {isa = PBXFileReference; lastKnownFileType = sourcecode.swift; path = DataFlowApp.swift; sourceTree = "<group>"; };
		076862752A6F4B0B00041D6B /* ContentView.swift */ = {isa = PBXFileReference; lastKnownFileType = sourcecode.swift; path = ContentView.swift; sourceTree = "<group>"; };
		076862772A6F4B0B00041D6B /* Assets.xcassets */ = {isa = PBXFileReference; lastKnownFileType = folder.assetcatalog; path = Assets.xcassets; sourceTree = "<group>"; };
		0768627A2A6F4B0B00041D6B /* Preview Assets.xcassets */ = {isa = PBXFileReference; lastKnownFileType = folder.assetcatalog; path = "Preview Assets.xcassets"; sourceTree = "<group>"; };
		076862812A6F508000041D6B /* TimeCounter.swift */ = {isa = PBXFileReference; lastKnownFileType = sourcecode.swift; path = TimeCounter.swift; sourceTree = "<group>"; };
		076862852A6F597700041D6B /* LoginView.swift */ = {isa = PBXFileReference; lastKnownFileType = sourcecode.swift; path = LoginView.swift; sourceTree = "<group>"; };
		076862872A6F5A2300041D6B /* UserSettings.swift */ = {isa = PBXFileReference; lastKnownFileType = sourcecode.swift; path = UserSettings.swift; sourceTree = "<group>"; };
		076862892A6F5A9C00041D6B /* RootView.swift */ = {isa = PBXFileReference; lastKnownFileType = sourcecode.swift; path = RootView.swift; sourceTree = "<group>"; };
		0768628B2A6F650700041D6B /* ButtonView.swift */ = {isa = PBXFileReference; lastKnownFileType = sourcecode.swift; path = ButtonView.swift; sourceTree = "<group>"; };
		076862952A701EC600041D6B /* StorageManager.swift */ = {isa = PBXFileReference; lastKnownFileType = sourcecode.swift; path = StorageManager.swift; sourceTree = "<group>"; };
		079631C52A717501003E101E /* User.swift */ = {isa = PBXFileReference; lastKnownFileType = sourcecode.swift; path = User.swift; sourceTree = "<group>"; };
/* End PBXFileReference section */

/* Begin PBXFrameworksBuildPhase section */
		0768626D2A6F4B0B00041D6B /* Frameworks */ = {
			isa = PBXFrameworksBuildPhase;
			buildActionMask = 2147483647;
			files = (
			);
			runOnlyForDeploymentPostprocessing = 0;
		};
/* End PBXFrameworksBuildPhase section */

/* Begin PBXGroup section */
		076862672A6F4B0B00041D6B = {
			isa = PBXGroup;
			children = (
				076862722A6F4B0B00041D6B /* DataFlow */,
				076862712A6F4B0B00041D6B /* Products */,
			);
			sourceTree = "<group>";
		};
		076862712A6F4B0B00041D6B /* Products */ = {
			isa = PBXGroup;
			children = (
				076862702A6F4B0B00041D6B /* DataFlow.app */,
			);
			name = Products;
			sourceTree = "<group>";
		};
		076862722A6F4B0B00041D6B /* DataFlow */ = {
			isa = PBXGroup;
			children = (
				079631C42A7174EF003E101E /* Models */,
				0768629D2A7029D600041D6B /* Services */,
				0768629B2A7029C400041D6B /* App */,
				076862992A7029A000041D6B /* Views */,
				0768629C2A7029CD00041D6B /* Resources */,
				076862792A6F4B0B00041D6B /* Preview Content */,
			);
			path = DataFlow;
			sourceTree = "<group>";
		};
		076862792A6F4B0B00041D6B /* Preview Content */ = {
			isa = PBXGroup;
			children = (
				0768627A2A6F4B0B00041D6B /* Preview Assets.xcassets */,
			);
			path = "Preview Content";
			sourceTree = "<group>";
		};
		076862992A7029A000041D6B /* Views */ = {
			isa = PBXGroup;
			children = (
				076862892A6F5A9C00041D6B /* RootView.swift */,
				076862852A6F597700041D6B /* LoginView.swift */,
				076862752A6F4B0B00041D6B /* ContentView.swift */,
				0768628B2A6F650700041D6B /* ButtonView.swift */,
			);
			path = Views;
			sourceTree = "<group>";
		};
		0768629B2A7029C400041D6B /* App */ = {
			isa = PBXGroup;
			children = (
				076862732A6F4B0B00041D6B /* DataFlowApp.swift */,
			);
			path = App;
			sourceTree = "<group>";
		};
		0768629C2A7029CD00041D6B /* Resources */ = {
			isa = PBXGroup;
			children = (
				076862772A6F4B0B00041D6B /* Assets.xcassets */,
			);
			path = Resources;
			sourceTree = "<group>";
		};
		0768629D2A7029D600041D6B /* Services */ = {
			isa = PBXGroup;
			children = (
				076862952A701EC600041D6B /* StorageManager.swift */,
			);
			path = Services;
			sourceTree = "<group>";
		};
		079631C42A7174EF003E101E /* Models */ = {
			isa = PBXGroup;
			children = (
				079631C52A717501003E101E /* User.swift */,
				076862872A6F5A2300041D6B /* UserSettings.swift */,
				076862812A6F508000041D6B /* TimeCounter.swift */,
			);
			path = Models;
			sourceTree = "<group>";
		};
/* End PBXGroup section */

/* Begin PBXNativeTarget section */
		0768626F2A6F4B0B00041D6B /* DataFlow */ = {
			isa = PBXNativeTarget;
			buildConfigurationList = 0768627E2A6F4B0B00041D6B /* Build configuration list for PBXNativeTarget "DataFlow" */;
			buildPhases = (
				0768626C2A6F4B0B00041D6B /* Sources */,
				0768626D2A6F4B0B00041D6B /* Frameworks */,
				0768626E2A6F4B0B00041D6B /* Resources */,
			);
			buildRules = (
			);
			dependencies = (
			);
			name = DataFlow;
			productName = DataFlow;
			productReference = 076862702A6F4B0B00041D6B /* DataFlow.app */;
			productType = "com.apple.product-type.application";
		};
/* End PBXNativeTarget section */

/* Begin PBXProject section */
		076862682A6F4B0B00041D6B /* Project object */ = {
			isa = PBXProject;
			attributes = {
				BuildIndependentTargetsInParallel = 1;
				LastSwiftUpdateCheck = 1430;
				LastUpgradeCheck = 1430;
				TargetAttributes = {
					0768626F2A6F4B0B00041D6B = {
						CreatedOnToolsVersion = 14.3.1;
					};
				};
			};
			buildConfigurationList = 0768626B2A6F4B0B00041D6B /* Build configuration list for PBXProject "DataFlow" */;
			compatibilityVersion = "Xcode 14.0";
			developmentRegion = en;
			hasScannedForEncodings = 0;
			knownRegions = (
				en,
				Base,
			);
			mainGroup = 076862672A6F4B0B00041D6B;
			productRefGroup = 076862712A6F4B0B00041D6B /* Products */;
			projectDirPath = "";
			projectRoot = "";
			targets = (
				0768626F2A6F4B0B00041D6B /* DataFlow */,
			);
		};
/* End PBXProject section */

/* Begin PBXResourcesBuildPhase section */
		0768626E2A6F4B0B00041D6B /* Resources */ = {
			isa = PBXResourcesBuildPhase;
			buildActionMask = 2147483647;
			files = (
				0768627B2A6F4B0B00041D6B /* Preview Assets.xcassets in Resources */,
				076862782A6F4B0B00041D6B /* Assets.xcassets in Resources */,
			);
			runOnlyForDeploymentPostprocessing = 0;
		};
/* End PBXResourcesBuildPhase section */

/* Begin PBXSourcesBuildPhase section */
		0768626C2A6F4B0B00041D6B /* Sources */ = {
			isa = PBXSourcesBuildPhase;
			buildActionMask = 2147483647;
			files = (
				076862822A6F508000041D6B /* TimeCounter.swift in Sources */,
				076862882A6F5A2300041D6B /* UserSettings.swift in Sources */,
				076862762A6F4B0B00041D6B /* ContentView.swift in Sources */,
				0768628A2A6F5A9C00041D6B /* RootView.swift in Sources */,
				076862862A6F597700041D6B /* LoginView.swift in Sources */,
				079631C62A717501003E101E /* User.swift in Sources */,
				076862742A6F4B0B00041D6B /* DataFlowApp.swift in Sources */,
				0768628C2A6F650700041D6B /* ButtonView.swift in Sources */,
				076862962A701EC600041D6B /* StorageManager.swift in Sources */,
			);
			runOnlyForDeploymentPostprocessing = 0;
		};
/* End PBXSourcesBuildPhase section */

/* Begin XCBuildConfiguration section */
		0768627C2A6F4B0B00041D6B /* Debug */ = {
			isa = XCBuildConfiguration;
			buildSettings = {
				ALWAYS_SEARCH_USER_PATHS = NO;
				CLANG_ANALYZER_NONNULL = YES;
				CLANG_ANALYZER_NUMBER_OBJECT_CONVERSION = YES_AGGRESSIVE;
				CLANG_CXX_LANGUAGE_STANDARD = "gnu++20";
				CLANG_ENABLE_MODULES = YES;
				CLANG_ENABLE_OBJC_ARC = YES;
				CLANG_ENABLE_OBJC_WEAK = YES;
				CLANG_WARN_BLOCK_CAPTURE_AUTORELEASING = YES;
				CLANG_WARN_BOOL_CONVERSION = YES;
				CLANG_WARN_COMMA = YES;
				CLANG_WARN_CONSTANT_CONVERSION = YES;
				CLANG_WARN_DEPRECATED_OBJC_IMPLEMENTATIONS = YES;
				CLANG_WARN_DIRECT_OBJC_ISA_USAGE = YES_ERROR;
				CLANG_WARN_DOCUMENTATION_COMMENTS = YES;
				CLANG_WARN_EMPTY_BODY = YES;
				CLANG_WARN_ENUM_CONVERSION = YES;
				CLANG_WARN_INFINITE_RECURSION = YES;
				CLANG_WARN_INT_CONVERSION = YES;
				CLANG_WARN_NON_LITERAL_NULL_CONVERSION = YES;
				CLANG_WARN_OBJC_IMPLICIT_RETAIN_SELF = YES;
				CLANG_WARN_OBJC_LITERAL_CONVERSION = YES;
				CLANG_WARN_OBJC_ROOT_CLASS = YES_ERROR;
				CLANG_WARN_QUOTED_INCLUDE_IN_FRAMEWORK_HEADER = YES;
				CLANG_WARN_RANGE_LOOP_ANALYSIS = YES;
				CLANG_WARN_STRICT_PROTOTYPES = YES;
				CLANG_WARN_SUSPICIOUS_MOVE = YES;
				CLANG_WARN_UNGUARDED_AVAILABILITY = YES_AGGRESSIVE;
				CLANG_WARN_UNREACHABLE_CODE = YES;
				CLANG_WARN__DUPLICATE_METHOD_MATCH = YES;
				COPY_PHASE_STRIP = NO;
				DEBUG_INFORMATION_FORMAT = dwarf;
				ENABLE_STRICT_OBJC_MSGSEND = YES;
				ENABLE_TESTABILITY = YES;
				GCC_C_LANGUAGE_STANDARD = gnu11;
				GCC_DYNAMIC_NO_PIC = NO;
				GCC_NO_COMMON_BLOCKS = YES;
				GCC_OPTIMIZATION_LEVEL = 0;
				GCC_PREPROCESSOR_DEFINITIONS = (
					"DEBUG=1",
					"$(inherited)",
				);
				GCC_WARN_64_TO_32_BIT_CONVERSION = YES;
				GCC_WARN_ABOUT_RETURN_TYPE = YES_ERROR;
				GCC_WARN_UNDECLARED_SELECTOR = YES;
				GCC_WARN_UNINITIALIZED_AUTOS = YES_AGGRESSIVE;
				GCC_WARN_UNUSED_FUNCTION = YES;
				GCC_WARN_UNUSED_VARIABLE = YES;
				IPHONEOS_DEPLOYMENT_TARGET = 16.4;
				MTL_ENABLE_DEBUG_INFO = INCLUDE_SOURCE;
				MTL_FAST_MATH = YES;
				ONLY_ACTIVE_ARCH = YES;
				SDKROOT = iphoneos;
				SWIFT_ACTIVE_COMPILATION_CONDITIONS = DEBUG;
				SWIFT_OPTIMIZATION_LEVEL = "-Onone";
			};
			name = Debug;
		};
		0768627D2A6F4B0B00041D6B /* Release */ = {
			isa = XCBuildConfiguration;
			buildSettings = {
				ALWAYS_SEARCH_USER_PATHS = NO;
				CLANG_ANALYZER_NONNULL = YES;
				CLANG_ANALYZER_NUMBER_OBJECT_CONVERSION = YES_AGGRESSIVE;
				CLANG_CXX_LANGUAGE_STANDARD = "gnu++20";
				CLANG_ENABLE_MODULES = YES;
				CLANG_ENABLE_OBJC_ARC = YES;
				CLANG_ENABLE_OBJC_WEAK = YES;
				CLANG_WARN_BLOCK_CAPTURE_AUTORELEASING = YES;
				CLANG_WARN_BOOL_CONVERSION = YES;
				CLANG_WARN_COMMA = YES;
				CLANG_WARN_CONSTANT_CONVERSION = YES;
				CLANG_WARN_DEPRECATED_OBJC_IMPLEMENTATIONS = YES;
				CLANG_WARN_DIRECT_OBJC_ISA_USAGE = YES_ERROR;
				CLANG_WARN_DOCUMENTATION_COMMENTS = YES;
				CLANG_WARN_EMPTY_BODY = YES;
				CLANG_WARN_ENUM_CONVERSION = YES;
				CLANG_WARN_INFINITE_RECURSION = YES;
				CLANG_WARN_INT_CONVERSION = YES;
				CLANG_WARN_NON_LITERAL_NULL_CONVERSION = YES;
				CLANG_WARN_OBJC_IMPLICIT_RETAIN_SELF = YES;
				CLANG_WARN_OBJC_LITERAL_CONVERSION = YES;
				CLANG_WARN_OBJC_ROOT_CLASS = YES_ERROR;
				CLANG_WARN_QUOTED_INCLUDE_IN_FRAMEWORK_HEADER = YES;
				CLANG_WARN_RANGE_LOOP_ANALYSIS = YES;
				CLANG_WARN_STRICT_PROTOTYPES = YES;
				CLANG_WARN_SUSPICIOUS_MOVE = YES;
				CLANG_WARN_UNGUARDED_AVAILABILITY = YES_AGGRESSIVE;
				CLANG_WARN_UNREACHABLE_CODE = YES;
				CLANG_WARN__DUPLICATE_METHOD_MATCH = YES;
				COPY_PHASE_STRIP = NO;
				DEBUG_INFORMATION_FORMAT = "dwarf-with-dsym";
				ENABLE_NS_ASSERTIONS = NO;
				ENABLE_STRICT_OBJC_MSGSEND = YES;
				GCC_C_LANGUAGE_STANDARD = gnu11;
				GCC_NO_COMMON_BLOCKS = YES;
				GCC_WARN_64_TO_32_BIT_CONVERSION = YES;
				GCC_WARN_ABOUT_RETURN_TYPE = YES_ERROR;
				GCC_WARN_UNDECLARED_SELECTOR = YES;
				GCC_WARN_UNINITIALIZED_AUTOS = YES_AGGRESSIVE;
				GCC_WARN_UNUSED_FUNCTION = YES;
				GCC_WARN_UNUSED_VARIABLE = YES;
				IPHONEOS_DEPLOYMENT_TARGET = 16.4;
				MTL_ENABLE_DEBUG_INFO = NO;
				MTL_FAST_MATH = YES;
				SDKROOT = iphoneos;
				SWIFT_COMPILATION_MODE = wholemodule;
				SWIFT_OPTIMIZATION_LEVEL = "-O";
				VALIDATE_PRODUCT = YES;
			};
			name = Release;
		};
		0768627F2A6F4B0B00041D6B /* Debug */ = {
			isa = XCBuildConfiguration;
			buildSettings = {
				ASSETCATALOG_COMPILER_APPICON_NAME = AppIcon;
				ASSETCATALOG_COMPILER_GLOBAL_ACCENT_COLOR_NAME = AccentColor;
				CODE_SIGN_STYLE = Automatic;
				CURRENT_PROJECT_VERSION = 1;
				DEVELOPMENT_ASSET_PATHS = "\"DataFlow/Preview Content\"";
				DEVELOPMENT_TEAM = 6PNGGFV6BC;
				ENABLE_PREVIEWS = YES;
				GENERATE_INFOPLIST_FILE = YES;
				INFOPLIST_KEY_UIApplicationSceneManifest_Generation = YES;
				INFOPLIST_KEY_UIApplicationSupportsIndirectInputEvents = YES;
				INFOPLIST_KEY_UILaunchScreen_Generation = YES;
				INFOPLIST_KEY_UISupportedInterfaceOrientations_iPad = "UIInterfaceOrientationPortrait UIInterfaceOrientationPortraitUpsideDown UIInterfaceOrientationLandscapeLeft UIInterfaceOrientationLandscapeRight";
				INFOPLIST_KEY_UISupportedInterfaceOrientations_iPhone = "UIInterfaceOrientationPortrait UIInterfaceOrientationLandscapeLeft UIInterfaceOrientationLandscapeRight";
				LD_RUNPATH_SEARCH_PATHS = (
					"$(inherited)",
					"@executable_path/Frameworks",
				);
				MARKETING_VERSION = 1.0;
				PRODUCT_BUNDLE_IDENTIFIER = repakuku.DataFlow;
				PRODUCT_NAME = "$(TARGET_NAME)";
				SWIFT_EMIT_LOC_STRINGS = YES;
				SWIFT_VERSION = 5.0;
				TARGETED_DEVICE_FAMILY = "1,2";
			};
			name = Debug;
		};
		076862802A6F4B0B00041D6B /* Release */ = {
			isa = XCBuildConfiguration;
			buildSettings = {
				ASSETCATALOG_COMPILER_APPICON_NAME = AppIcon;
				ASSETCATALOG_COMPILER_GLOBAL_ACCENT_COLOR_NAME = AccentColor;
				CODE_SIGN_STYLE = Automatic;
				CURRENT_PROJECT_VERSION = 1;
				DEVELOPMENT_ASSET_PATHS = "\"DataFlow/Preview Content\"";
				DEVELOPMENT_TEAM = 6PNGGFV6BC;
				ENABLE_PREVIEWS = YES;
				GENERATE_INFOPLIST_FILE = YES;
				INFOPLIST_KEY_UIApplicationSceneManifest_Generation = YES;
				INFOPLIST_KEY_UIApplicationSupportsIndirectInputEvents = YES;
				INFOPLIST_KEY_UILaunchScreen_Generation = YES;
				INFOPLIST_KEY_UISupportedInterfaceOrientations_iPad = "UIInterfaceOrientationPortrait UIInterfaceOrientationPortraitUpsideDown UIInterfaceOrientationLandscapeLeft UIInterfaceOrientationLandscapeRight";
				INFOPLIST_KEY_UISupportedInterfaceOrientations_iPhone = "UIInterfaceOrientationPortrait UIInterfaceOrientationLandscapeLeft UIInterfaceOrientationLandscapeRight";
				LD_RUNPATH_SEARCH_PATHS = (
					"$(inherited)",
					"@executable_path/Frameworks",
				);
				MARKETING_VERSION = 1.0;
				PRODUCT_BUNDLE_IDENTIFIER = repakuku.DataFlow;
				PRODUCT_NAME = "$(TARGET_NAME)";
				SWIFT_EMIT_LOC_STRINGS = YES;
				SWIFT_VERSION = 5.0;
				TARGETED_DEVICE_FAMILY = "1,2";
			};
			name = Release;
		};
/* End XCBuildConfiguration section */

/* Begin XCConfigurationList section */
		0768626B2A6F4B0B00041D6B /* Build configuration list for PBXProject "DataFlow" */ = {
			isa = XCConfigurationList;
			buildConfigurations = (
				0768627C2A6F4B0B00041D6B /* Debug */,
				0768627D2A6F4B0B00041D6B /* Release */,
			);
			defaultConfigurationIsVisible = 0;
			defaultConfigurationName = Release;
		};
		0768627E2A6F4B0B00041D6B /* Build configuration list for PBXNativeTarget "DataFlow" */ = {
			isa = XCConfigurationList;
			buildConfigurations = (
				0768627F2A6F4B0B00041D6B /* Debug */,
				076862802A6F4B0B00041D6B /* Release */,
			);
			defaultConfigurationIsVisible = 0;
			defaultConfigurationName = Release;
		};
/* End XCConfigurationList section */
	};
	rootObject = 076862682A6F4B0B00041D6B /* Project object */;
}
